
Microsoft Visual Studio Solution File, Format Version 12.00
# Visual Studio 15
Project("{FAE04EC0-301F-11D3-BF4B-00C04F79EFBC}") = "MonoGameTest2.Desktop", "MonoGameTest2\MonoGameTest2.Desktop.csproj", "{905B6B3B-33B1-49FB-B691-AE30F88CB4F5}"
EndProject
Project("{2150E333-8FDC-42A3-9474-1A3956D46DE8}") = "Solution Items", "Solution Items", "{51FEFFB1-2969-459F-AD52-B9FD8F489416}"
EndProject
Global
	GlobalSection(SolutionConfigurationPlatforms) = preSolution
		Debug|Any CPU = Debug|Any CPU
		Release|Any CPU = Release|Any CPU
	EndGlobalSection
	GlobalSection(ProjectConfigurationPlatforms) = postSolution
		{905B6B3B-33B1-49FB-B691-AE30F88CB4F5}.Debug|Any CPU.ActiveCfg = Debug|Any CPU
		{905B6B3B-33B1-49FB-B691-AE30F88CB4F5}.Debug|Any CPU.Build.0 = Debug|Any CPU
		{905B6B3B-33B1-49FB-B691-AE30F88CB4F5}.Release|Any CPU.ActiveCfg = Release|Any CPU
		{905B6B3B-33B1-49FB-B691-AE30F88CB4F5}.Release|Any CPU.Build.0 = Release|Any CPU
	EndGlobalSection
EndGlobal
